{
  "name": "accordion",
  "version": "0.0.1",
  "lockfileVersion": 1,
  "requires": true,
  "dependencies": {
    "domready": {
      "version": "git+https://github.com/3bound/domready.git#239d01c01564d3efe041a7270456e35789c824ae",
      "from": "git+https://github.com/3bound/domready.git",
      "requires": {
        "ramda": "^0.27.1"
      }
    },
    "folktale": {
      "version": "2.3.2",
      "resolved": "https://registry.npmjs.org/folktale/-/folktale-2.3.2.tgz",
      "integrity": "sha512-+8GbtQBwEqutP0v3uajDDoN64K2ehmHd0cjlghhxh0WpcfPzAIjPA03e1VvHlxL02FVGR0A6lwXsNQKn3H1RNQ=="
    },
    "funTools": {
      "version": "git+https://github.com/3bound/funTools.git#99edbf4b980080ed11fd4a842e0cd46064a027ba",
      "from": "git+https://github.com/3bound/funTools.git",
      "requires": {
        "folktale": "^2.3.2",
        "ramda": "^0.27.1"
      }
    },
    "ramda": {
      "version": "0.27.1",
      "resolved": "https://registry.npmjs.org/ramda/-/ramda-0.27.1.tgz",
      "integrity": "sha512-PgIdVpn5y5Yns8vqb8FzBUEYn98V3xcPgawAkkgj0YJ0qDsnHCiNmZYfOGMgOvoB0eWFLpYbhxUR3mxfDIMvpw=="
    },
    "velocity-animate": {
      "version": "1.5.2",
      "resolved": "https://registry.npmjs.org/velocity-animate/-/velocity-animate-1.5.2.tgz",
      "integrity": "sha512-m6EXlCAMetKztO1ppBhGU1/1MR3IiEevO6ESq6rcrSQ3Q77xYSW13jkfXW88o4xMrkXJhy/U7j4wFR/twMB0Eg=="
    }
  }
}
